{
    "_readme": [
        "This file locks the dependencies of your project to a known state",
        "Read more about it at https://getcomposer.org/doc/01-basic-usage.md#composer-lock-the-lock-file",
        "This file is @generated automatically"
    ],
    "hash": "ba68ab0c70d2068e301ef7f7a1ee1311",
    "content-hash": "3490b5ab547c7e83c09444309a4edf37",
    "packages": [
        {
            "name": "m1ome/phalcon-datatables",
            "version": "1.1.6",
            "source": {
                "type": "git",
                "url": "https://github.com/m1ome/phalcon-datatables.git",
                "reference": "95788256b8369180b5d75b6005654c59e855781f"
            },
            "dist": {
                "type": "zip",
                "url": "https://api.github.com/repos/m1ome/phalcon-datatables/zipball/95788256b8369180b5d75b6005654c59e855781f",
                "reference": "95788256b8369180b5d75b6005654c59e855781f",
                "shasum": ""
            },
            "require-dev": {
                "crysalead/kahlan": "~1.1",
                "fzaninotto/faker": "1.5.*@dev"
            },
            "type": "library",
            "extra": {
                "branch-alias": {
                    "dev_master": "1.0-dev"
                }
            },
            "autoload": {
                "psr-4": {
                    "DataTables\\": "src/"
                }
            },
            "notification-url": "https://packagist.org/downloads/",
            "license": [
                "MIT"
            ],
            "authors": [
                {
                    "name": "Pavel Makarenko",
                    "email": "cryfall@gmail.com"
                }
            ],
            "description": "DataTables adapter for Phalcon Framework",
            "keywords": [
                "datatables",
                "phalcon",
                "plugin"
            ],
            "time": "2015-06-26 09:38:51"
        }
    ],
    "packages-dev": [],
    "aliases": [],
    "minimum-stability": "stable",
    "stability-flags": [],
    "prefer-stable": false,
    "prefer-lowest": false,
    "platform": [],
    "platform-dev": []
}
